
Microsoft Visual Studio Solution File, Format Version 12.00
# Visual Studio Version 17
VisualStudioVersion = 17.6.33723.286
MinimumVisualStudioVersion = 10.0.40219.1
Project("{FAE04EC0-301F-11D3-BF4B-00C04F79EFBC}") = "ExceptionEx", "ExceptionEx\ExceptionEx.csproj", "{A8566F26-E227-46AB-91AB-594B149B76C4}"
EndProject
Global
	GlobalSection(SolutionConfigurationPlatforms) = preSolution
		Debug|Any CPU = Debug|Any CPU
		Release|Any CPU = Release|Any CPU
	EndGlobalSection
	GlobalSection(ProjectConfigurationPlatforms) = postSolution
		{A8566F26-E227-46AB-91AB-594B149B76C4}.Debug|Any CPU.ActiveCfg = Debug|Any CPU
		{A8566F26-E227-46AB-91AB-594B149B76C4}.Debug|Any CPU.Build.0 = Debug|Any CPU
		{A8566F26-E227-46AB-91AB-594B149B76C4}.Release|Any CPU.ActiveCfg = Release|Any CPU
		{A8566F26-E227-46AB-91AB-594B149B76C4}.Release|Any CPU.Build.0 = Release|Any CPU
	EndGlobalSection
	GlobalSection(SolutionProperties) = preSolution
		HideSolutionNode = FALSE
	EndGlobalSection
	GlobalSection(ExtensibilityGlobals) = postSolution
		SolutionGuid = {876C8608-252E-40AD-A1B7-29C0BC22E655}
	EndGlobalSection
EndGlobal
